
Microsoft Visual Studio Solution File, Format Version 12.00
# Visual Studio Version 16
VisualStudioVersion = 16.0.31410.357
MinimumVisualStudioVersion = 10.0.40219.1
Project("{FAE04EC0-301F-11D3-BF4B-00C04F79EFBC}") = "3_TASK", "3_TASK.csproj", "{BB215AB0-6276-4EDF-88F9-DF5109DC62B2}"
EndProject
Project("{FAE04EC0-301F-11D3-BF4B-00C04F79EFBC}") = "LoginCheckLibrary", "..\LoginCheckLibrary\LoginCheckLibrary.csproj", "{788022E5-DAB4-4BD0-B351-62849F554E1F}"
EndProject
Global
	GlobalSection(SolutionConfigurationPlatforms) = preSolution
		Debug|Any CPU = Debug|Any CPU
		Release|Any CPU = Release|Any CPU
	EndGlobalSection
	GlobalSection(ProjectConfigurationPlatforms) = postSolution
		{BB215AB0-6276-4EDF-88F9-DF5109DC62B2}.Debug|Any CPU.ActiveCfg = Debug|Any CPU
		{BB215AB0-6276-4EDF-88F9-DF5109DC62B2}.Debug|Any CPU.Build.0 = Debug|Any CPU
		{BB215AB0-6276-4EDF-88F9-DF5109DC62B2}.Release|Any CPU.ActiveCfg = Release|Any CPU
		{BB215AB0-6276-4EDF-88F9-DF5109DC62B2}.Release|Any CPU.Build.0 = Release|Any CPU
		{788022E5-DAB4-4BD0-B351-62849F554E1F}.Debug|Any CPU.ActiveCfg = Debug|Any CPU
		{788022E5-DAB4-4BD0-B351-62849F554E1F}.Debug|Any CPU.Build.0 = Debug|Any CPU
		{788022E5-DAB4-4BD0-B351-62849F554E1F}.Release|Any CPU.ActiveCfg = Release|Any CPU
		{788022E5-DAB4-4BD0-B351-62849F554E1F}.Release|Any CPU.Build.0 = Release|Any CPU
	EndGlobalSection
	GlobalSection(SolutionProperties) = preSolution
		HideSolutionNode = FALSE
	EndGlobalSection
	GlobalSection(ExtensibilityGlobals) = postSolution
		SolutionGuid = {24322F25-D319-4429-84F6-1649B8A649C3}
	EndGlobalSection
EndGlobal
